
Microsoft Visual Studio Solution File, Format Version 12.00
# Visual Studio Version 16
VisualStudioVersion = 16.0.32413.511
MinimumVisualStudioVersion = 10.0.40219.1
Project("{FAE04EC0-301F-11D3-BF4B-00C04F79EFBC}") = "Assignment2", "Assignment2\Assignment2.csproj", "{20CB9BB0-EC8C-4A0E-BC02-A3A6B2C35617}"
EndProject
Global
	GlobalSection(SolutionConfigurationPlatforms) = preSolution
		Debug|Any CPU = Debug|Any CPU
		Release|Any CPU = Release|Any CPU
	EndGlobalSection
	GlobalSection(ProjectConfigurationPlatforms) = postSolution
		{20CB9BB0-EC8C-4A0E-BC02-A3A6B2C35617}.Debug|Any CPU.ActiveCfg = Debug|Any CPU
		{20CB9BB0-EC8C-4A0E-BC02-A3A6B2C35617}.Debug|Any CPU.Build.0 = Debug|Any CPU
		{20CB9BB0-EC8C-4A0E-BC02-A3A6B2C35617}.Release|Any CPU.ActiveCfg = Release|Any CPU
		{20CB9BB0-EC8C-4A0E-BC02-A3A6B2C35617}.Release|Any CPU.Build.0 = Release|Any CPU
	EndGlobalSection
	GlobalSection(SolutionProperties) = preSolution
		HideSolutionNode = FALSE
	EndGlobalSection
	GlobalSection(ExtensibilityGlobals) = postSolution
		SolutionGuid = {12B63713-5083-44C3-9604-94A262EB7EAD}
	EndGlobalSection
EndGlobal
