
Microsoft Visual Studio Solution File, Format Version 12.00
# Visual Studio Version 16
VisualStudioVersion = 16.0.32413.511
MinimumVisualStudioVersion = 10.0.40219.1
Project("{FAE04EC0-301F-11D3-BF4B-00C04F79EFBC}") = "Assignment6", "Assignment6\Assignment6.csproj", "{7CBAC371-0EAB-4E16-BE44-FFD73C4D12FD}"
EndProject
Global
	GlobalSection(SolutionConfigurationPlatforms) = preSolution
		Debug|Any CPU = Debug|Any CPU
		Release|Any CPU = Release|Any CPU
	EndGlobalSection
	GlobalSection(ProjectConfigurationPlatforms) = postSolution
		{7CBAC371-0EAB-4E16-BE44-FFD73C4D12FD}.Debug|Any CPU.ActiveCfg = Debug|Any CPU
		{7CBAC371-0EAB-4E16-BE44-FFD73C4D12FD}.Debug|Any CPU.Build.0 = Debug|Any CPU
		{7CBAC371-0EAB-4E16-BE44-FFD73C4D12FD}.Release|Any CPU.ActiveCfg = Release|Any CPU
		{7CBAC371-0EAB-4E16-BE44-FFD73C4D12FD}.Release|Any CPU.Build.0 = Release|Any CPU
	EndGlobalSection
	GlobalSection(SolutionProperties) = preSolution
		HideSolutionNode = FALSE
	EndGlobalSection
	GlobalSection(ExtensibilityGlobals) = postSolution
		SolutionGuid = {E8182B4D-0EDC-4F15-8ADA-7427E174D566}
	EndGlobalSection
EndGlobal
